# This file is automatically @generated by Cargo.
# It is not intended for manual editing.
version = 3

[[package]]
name = "addr2line"
version = "0.14.1"
source = "registry+https://github.com/rust-lang/crates.io-index"
checksum = "a55f82cfe485775d02112886f4169bde0c5894d75e79ead7eafe7e40a25e45f7"
dependencies = [
 "gimli",
]

[[package]]
name = "adler"
version = "1.0.2"
source = "registry+https://github.com/rust-lang/crates.io-index"
checksum = "f26201604c87b1e01bd3d98f8d5d9a8fcbb815e8cedb41ffccbeb4bf593a35fe"

[[package]]
name = "aho-corasick"
version = "0.7.15"
source = "registry+https://github.com/rust-lang/crates.io-index"
checksum = "7404febffaa47dac81aa44dba71523c9d069b1bdc50a77db41195149e17f68e5"
dependencies = [
 "memchr",
]

[[package]]
name = "autocfg"
version = "1.0.1"
source = "registry+https://github.com/rust-lang/crates.io-index"
checksum = "cdb031dd78e28731d87d56cc8ffef4a8f36ca26c38fe2de700543e627f8a464a"

[[package]]
name = "backtrace"
version = "0.3.56"
source = "registry+https://github.com/rust-lang/crates.io-index"
checksum = "9d117600f438b1707d4e4ae15d3595657288f8235a0eb593e80ecc98ab34e1bc"
dependencies = [
 "addr2line",
 "cfg-if",
 "libc",
 "miniz_oxide",
 "object",
 "rustc-demangle",
]

[[package]]
name = "bitflags"
version = "1.2.1"
source = "registry+https://github.com/rust-lang/crates.io-index"
checksum = "cf1de2fe8c75bc145a2f577add951f8134889b4795d47466a54a5c846d691693"

[[package]]
name = "bstr"
version = "0.2.15"
source = "registry+https://github.com/rust-lang/crates.io-index"
checksum = "a40b47ad93e1a5404e6c18dec46b628214fee441c70f4ab5d6942142cc268a3d"
dependencies = [
 "memchr",
]

[[package]]
name = "cfg-if"
version = "1.0.0"
source = "registry+https://github.com/rust-lang/crates.io-index"
checksum = "baf1de4339761588bc0619e3cbc0120ee582ebb74b53b4efbf79117bd2da40fd"

[[package]]
name = "chrono"
version = "0.4.19"
source = "registry+https://github.com/rust-lang/crates.io-index"
checksum = "670ad68c9088c2a963aaa298cb369688cf3f9465ce5e2d4ca10e6e0098a1ce73"
dependencies = [
 "libc",
 "num-integer",
 "num-traits",
 "serde",
 "time",
 "winapi",
]

[[package]]
name = "console"
version = "0.12.0"
source = "registry+https://github.com/rust-lang/crates.io-index"
checksum = "c0b1aacfaffdbff75be81c15a399b4bedf78aaefe840e8af1d299ac2ade885d2"
dependencies = [
 "encode_unicode",
 "lazy_static",
 "libc",
 "terminal_size",
 "termios",
 "winapi",
]

[[package]]
name = "crossbeam-utils"
version = "0.8.3"
source = "registry+https://github.com/rust-lang/crates.io-index"
checksum = "e7e9d99fa91428effe99c5c6d4634cdeba32b8cf784fc428a2a687f61a952c49"
dependencies = [
 "autocfg",
 "cfg-if",
 "lazy_static",
]

[[package]]
name = "ctor"
version = "0.1.20"
source = "registry+https://github.com/rust-lang/crates.io-index"
checksum = "5e98e2ad1a782e33928b96fc3948e7c355e5af34ba4de7670fe8bac2a3b2006d"
dependencies = [
 "quote",
 "syn",
]

[[package]]
name = "difference"
version = "2.0.0"
source = "registry+https://github.com/rust-lang/crates.io-index"
checksum = "524cbf6897b527295dff137cec09ecf3a05f4fddffd7dfcd1585403449e74198"

[[package]]
name = "dtoa"
version = "0.4.8"
source = "registry+https://github.com/rust-lang/crates.io-index"
checksum = "56899898ce76aaf4a0f24d914c97ea6ed976d42fec6ad33fcbb0a1103e07b2b0"

[[package]]
name = "encode_unicode"
version = "0.3.6"
source = "registry+https://github.com/rust-lang/crates.io-index"
checksum = "a357d28ed41a50f9c765dbfe56cbc04a64e53e5fc58ba79fbc34c10ef3df831f"

[[package]]
name = "error-chain"
version = "0.12.4"
source = "registry+https://github.com/rust-lang/crates.io-index"
checksum = "2d2f06b9cac1506ece98fe3231e3cc9c4410ec3d5b1f24ae1c8946f0742cdefc"
dependencies = [
 "backtrace",
 "version_check",
]

[[package]]
name = "failure"
version = "0.1.8"
source = "registry+https://github.com/rust-lang/crates.io-index"
checksum = "d32e9bd16cc02eae7db7ef620b392808b89f6a5e16bb3497d159c6b92a0f4f86"
dependencies = [
 "backtrace",
 "failure_derive",
]

[[package]]
name = "failure_derive"
version = "0.1.8"
source = "registry+https://github.com/rust-lang/crates.io-index"
checksum = "aa4da3c766cd7a0db8242e326e9e4e081edd567072893ed320008189715366a4"
dependencies = [
 "proc-macro2",
 "quote",
 "syn",
 "synstructure",
]

[[package]]
name = "fnv"
version = "1.0.7"
source = "registry+https://github.com/rust-lang/crates.io-index"
checksum = "3f9eec918d3f24069decb9af1554cad7c880e2da24a9afd88aca000531ab82c1"

[[package]]
name = "getrandom"
version = "0.2.2"
source = "registry+https://github.com/rust-lang/crates.io-index"
checksum = "c9495705279e7140bf035dde1f6e750c162df8b625267cd52cc44e0b156732c8"
dependencies = [
 "cfg-if",
 "libc",
 "wasi",
]

[[package]]
name = "ghost"
version = "0.1.2"
source = "registry+https://github.com/rust-lang/crates.io-index"
checksum = "1a5bcf1bbeab73aa4cf2fde60a846858dc036163c7c33bec309f8d17de785479"
dependencies = [
 "proc-macro2",
 "quote",
 "syn",
]

[[package]]
name = "gimli"
version = "0.23.0"
source = "registry+https://github.com/rust-lang/crates.io-index"
checksum = "f6503fe142514ca4799d4c26297c4248239fe8838d827db6bd6065c6ed29a6ce"

[[package]]
name = "globset"
version = "0.4.6"
source = "registry+https://github.com/rust-lang/crates.io-index"
checksum = "c152169ef1e421390738366d2f796655fec62621dabbd0fd476f905934061e4a"
dependencies = [
 "aho-corasick",
 "bstr",
 "fnv",
 "log",
 "regex",
]

[[package]]
name = "globwalk"
version = "0.8.1"
source = "registry+https://github.com/rust-lang/crates.io-index"
checksum = "93e3af942408868f6934a7b85134a3230832b9977cf66125df2f9edcfce4ddcc"
dependencies = [
 "bitflags",
 "ignore",
 "walkdir",
]

[[package]]
name = "hawk"
version = "0.2.0"
dependencies = [
 "chrono",
 "error-chain",
 "failure",
 "failure_derive",
 "insta",
 "lazy_static",
 "pyo3",
 "regex",
 "roman",
 "serde",
 "serde_derive",
 "serde_json",
 "strum",
 "strum_macros",
 "uuid",
]

[[package]]
name = "heck"
version = "0.3.2"
source = "registry+https://github.com/rust-lang/crates.io-index"
checksum = "87cbf45460356b7deeb5e3415b5563308c0a9b057c85e12b06ad551f98d0a6ac"
dependencies = [
 "unicode-segmentation",
]

[[package]]
name = "ignore"
version = "0.4.17"
source = "registry+https://github.com/rust-lang/crates.io-index"
checksum = "b287fb45c60bb826a0dc68ff08742b9d88a2fea13d6e0c286b3172065aaf878c"
dependencies = [
 "crossbeam-utils",
 "globset",
 "lazy_static",
 "log",
 "memchr",
 "regex",
 "same-file",
 "thread_local",
 "walkdir",
 "winapi-util",
]

[[package]]
name = "indoc"
version = "0.3.6"
source = "registry+https://github.com/rust-lang/crates.io-index"
checksum = "47741a8bc60fb26eb8d6e0238bbb26d8575ff623fdc97b1a2c00c050b9684ed8"
dependencies = [
 "indoc-impl",
 "proc-macro-hack",
]

[[package]]
name = "indoc-impl"
version = "0.3.6"
source = "registry+https://github.com/rust-lang/crates.io-index"
checksum = "ce046d161f000fffde5f432a0d034d0341dc152643b2598ed5bfce44c4f3a8f0"
dependencies = [
 "proc-macro-hack",
 "proc-macro2",
 "quote",
 "syn",
 "unindent",
]

[[package]]
name = "insta"
version = "1.3.0"
source = "registry+https://github.com/rust-lang/crates.io-index"
checksum = "863bf97e7130bf788f29a99bc4073735af6b8ecc3da6a39c23b3a688d2d3109a"
dependencies = [
 "console",
 "difference",
 "globwalk",
 "lazy_static",
 "serde",
 "serde_json",
 "serde_yaml",
]

[[package]]
name = "instant"
version = "0.1.9"
source = "registry+https://github.com/rust-lang/crates.io-index"
checksum = "61124eeebbd69b8190558df225adf7e4caafce0d743919e5d6b19652314ec5ec"
dependencies = [
 "cfg-if",
]

[[package]]
name = "inventory"
version = "0.1.10"
source = "registry+https://github.com/rust-lang/crates.io-index"
checksum = "0f0f7efb804ec95e33db9ad49e4252f049e37e8b0a4652e3cd61f7999f2eff7f"
dependencies = [
 "ctor",
 "ghost",
 "inventory-impl",
]

[[package]]
name = "inventory-impl"
version = "0.1.10"
source = "registry+https://github.com/rust-lang/crates.io-index"
checksum = "75c094e94816723ab936484666968f5b58060492e880f3c8d00489a1e244fa51"
dependencies = [
 "proc-macro2",
 "quote",
 "syn",
]

[[package]]
name = "itoa"
version = "0.4.7"
source = "registry+https://github.com/rust-lang/crates.io-index"
checksum = "dd25036021b0de88a0aff6b850051563c6516d0bf53f8638938edbb9de732736"

[[package]]
name = "lazy_static"
version = "1.4.0"
source = "registry+https://github.com/rust-lang/crates.io-index"
checksum = "e2abad23fbc42b3700f2f279844dc832adb2b2eb069b2df918f455c4e18cc646"

[[package]]
name = "libc"
version = "0.2.92"
source = "registry+https://github.com/rust-lang/crates.io-index"
checksum = "56d855069fafbb9b344c0f962150cd2c1187975cb1c22c1522c240d8c4986714"

[[package]]
name = "linked-hash-map"
version = "0.5.4"
source = "registry+https://github.com/rust-lang/crates.io-index"
checksum = "7fb9b38af92608140b86b693604b9ffcc5824240a484d1ecd4795bacb2fe88f3"

[[package]]
name = "lock_api"
version = "0.4.3"
source = "registry+https://github.com/rust-lang/crates.io-index"
checksum = "5a3c91c24eae6777794bb1997ad98bbb87daf92890acab859f7eaa4320333176"
dependencies = [
 "scopeguard",
]

[[package]]
name = "log"
version = "0.4.14"
source = "registry+https://github.com/rust-lang/crates.io-index"
checksum = "51b9bbe6c47d51fc3e1a9b945965946b4c44142ab8792c50835a980d362c2710"
dependencies = [
 "cfg-if",
]

[[package]]
name = "memchr"
version = "2.3.4"
source = "registry+https://github.com/rust-lang/crates.io-index"
checksum = "0ee1c47aaa256ecabcaea351eae4a9b01ef39ed810004e298d2511ed284b1525"

[[package]]
name = "miniz_oxide"
version = "0.4.4"
source = "registry+https://github.com/rust-lang/crates.io-index"
checksum = "a92518e98c078586bc6c934028adcca4c92a53d6a958196de835170a01d84e4b"
dependencies = [
 "adler",
 "autocfg",
]

[[package]]
name = "num-integer"
version = "0.1.44"
source = "registry+https://github.com/rust-lang/crates.io-index"
checksum = "d2cc698a63b549a70bc047073d2949cce27cd1c7b0a4a862d08a8031bc2801db"
dependencies = [
 "autocfg",
 "num-traits",
]

[[package]]
name = "num-traits"
version = "0.2.14"
source = "registry+https://github.com/rust-lang/crates.io-index"
checksum = "9a64b1ec5cda2586e284722486d802acf1f7dbdc623e2bfc57e65ca1cd099290"
dependencies = [
 "autocfg",
]

[[package]]
name = "object"
version = "0.23.0"
source = "registry+https://github.com/rust-lang/crates.io-index"
checksum = "a9a7ab5d64814df0fe4a4b5ead45ed6c5f181ee3ff04ba344313a6c80446c5d4"

[[package]]
name = "once_cell"
version = "1.7.2"
source = "registry+https://github.com/rust-lang/crates.io-index"
checksum = "af8b08b04175473088b46763e51ee54da5f9a164bc162f615b91bc179dbf15a3"

[[package]]
name = "parking_lot"
version = "0.11.1"
source = "registry+https://github.com/rust-lang/crates.io-index"
checksum = "6d7744ac029df22dca6284efe4e898991d28e3085c706c972bcd7da4a27a15eb"
dependencies = [
 "instant",
 "lock_api",
 "parking_lot_core",
]

[[package]]
name = "parking_lot_core"
version = "0.8.3"
source = "registry+https://github.com/rust-lang/crates.io-index"
checksum = "fa7a782938e745763fe6907fc6ba86946d72f49fe7e21de074e08128a99fb018"
dependencies = [
 "cfg-if",
 "instant",
 "libc",
 "redox_syscall",
 "smallvec",
 "winapi",
]

[[package]]
name = "paste"
version = "0.1.18"
source = "registry+https://github.com/rust-lang/crates.io-index"
checksum = "45ca20c77d80be666aef2b45486da86238fabe33e38306bd3118fe4af33fa880"
dependencies = [
 "paste-impl",
 "proc-macro-hack",
]

[[package]]
name = "paste-impl"
version = "0.1.18"
source = "registry+https://github.com/rust-lang/crates.io-index"
checksum = "d95a7db200b97ef370c8e6de0088252f7e0dfff7d047a28528e47456c0fc98b6"
dependencies = [
 "proc-macro-hack",
]

[[package]]
name = "proc-macro-hack"
version = "0.5.19"
source = "registry+https://github.com/rust-lang/crates.io-index"
checksum = "dbf0c48bc1d91375ae5c3cd81e3722dff1abcf81a30960240640d223f59fe0e5"

[[package]]
name = "proc-macro2"
version = "1.0.26"
source = "registry+https://github.com/rust-lang/crates.io-index"
checksum = "a152013215dca273577e18d2bf00fa862b89b24169fb78c4c95aeb07992c9cec"
dependencies = [
 "unicode-xid",
]

[[package]]
name = "pyo3"
version = "0.13.2"
source = "registry+https://github.com/rust-lang/crates.io-index"
checksum = "4837b8e8e18a102c23f79d1e9a110b597ea3b684c95e874eb1ad88f8683109c3"
dependencies = [
 "cfg-if",
 "ctor",
 "indoc",
 "inventory",
 "libc",
 "parking_lot",
 "paste",
 "pyo3-macros",
 "unindent",
]

[[package]]
name = "pyo3-macros"
version = "0.13.2"
source = "registry+https://github.com/rust-lang/crates.io-index"
checksum = "a47f2c300ceec3e58064fd5f8f5b61230f2ffd64bde4970c81fdd0563a2db1bb"
dependencies = [
 "pyo3-macros-backend",
 "quote",
 "syn",
]

[[package]]
name = "pyo3-macros-backend"
version = "0.13.2"
source = "registry+https://github.com/rust-lang/crates.io-index"
checksum = "87b097e5d84fcbe3e167f400fbedd657820a375b034c78bd852050749a575d66"
dependencies = [
 "proc-macro2",
 "quote",
 "syn",
]

[[package]]
name = "quote"
version = "1.0.9"
source = "registry+https://github.com/rust-lang/crates.io-index"
checksum = "c3d0b9745dc2debf507c8422de05d7226cc1f0644216dfdfead988f9b1ab32a7"
dependencies = [
 "proc-macro2",
]

[[package]]
name = "redox_syscall"
version = "0.2.5"
source = "registry+https://github.com/rust-lang/crates.io-index"
checksum = "94341e4e44e24f6b591b59e47a8a027df12e008d73fd5672dbea9cc22f4507d9"
dependencies = [
 "bitflags",
]

[[package]]
name = "regex"
version = "1.4.5"
source = "registry+https://github.com/rust-lang/crates.io-index"
checksum = "957056ecddbeba1b26965114e191d2e8589ce74db242b6ea25fc4062427a5c19"
dependencies = [
 "aho-corasick",
 "memchr",
 "regex-syntax",
]

[[package]]
name = "regex-syntax"
version = "0.6.23"
source = "registry+https://github.com/rust-lang/crates.io-index"
checksum = "24d5f089152e60f62d28b835fbff2cd2e8dc0baf1ac13343bef92ab7eed84548"

[[package]]
name = "roman"
version = "0.1.6"
source = "registry+https://github.com/rust-lang/crates.io-index"
checksum = "d2c543f0c827ae24df93159810fd4bce2d0abe3785bb4c4d68fae3c467d58d9b"

[[package]]
name = "rustc-demangle"
version = "0.1.18"
source = "registry+https://github.com/rust-lang/crates.io-index"
checksum = "6e3bad0ee36814ca07d7968269dd4b7ec89ec2da10c4bb613928d3077083c232"

[[package]]
name = "ryu"
version = "1.0.5"
source = "registry+https://github.com/rust-lang/crates.io-index"
checksum = "71d301d4193d031abdd79ff7e3dd721168a9572ef3fe51a1517aba235bd8f86e"

[[package]]
name = "same-file"
version = "1.0.6"
source = "registry+https://github.com/rust-lang/crates.io-index"
checksum = "93fc1dc3aaa9bfed95e02e6eadabb4baf7e3078b0bd1b4d7b6b0b68378900502"
dependencies = [
 "winapi-util",
]

[[package]]
name = "scopeguard"
version = "1.1.0"
source = "registry+https://github.com/rust-lang/crates.io-index"
checksum = "d29ab0c6d3fc0ee92fe66e2d99f700eab17a8d57d1c1d3b748380fb20baa78cd"

[[package]]
name = "serde"
version = "1.0.125"
source = "registry+https://github.com/rust-lang/crates.io-index"
checksum = "558dc50e1a5a5fa7112ca2ce4effcb321b0300c0d4ccf0776a9f60cd89031171"
dependencies = [
 "serde_derive",
]

[[package]]
name = "serde_derive"
version = "1.0.125"
source = "registry+https://github.com/rust-lang/crates.io-index"
checksum = "b093b7a2bb58203b5da3056c05b4ec1fed827dcfdb37347a8841695263b3d06d"
dependencies = [
 "proc-macro2",
 "quote",
 "syn",
]

[[package]]
name = "serde_json"
version = "1.0.64"
source = "registry+https://github.com/rust-lang/crates.io-index"
checksum = "799e97dc9fdae36a5c8b8f2cae9ce2ee9fdce2058c57a93e6099d919fd982f79"
dependencies = [
 "itoa",
 "ryu",
 "serde",
]

[[package]]
name = "serde_yaml"
version = "0.8.17"
source = "registry+https://github.com/rust-lang/crates.io-index"
checksum = "15654ed4ab61726bf918a39cb8d98a2e2995b002387807fa6ba58fdf7f59bb23"
dependencies = [
 "dtoa",
 "linked-hash-map",
 "serde",
 "yaml-rust",
]

[[package]]
name = "smallvec"
version = "1.6.1"
source = "registry+https://github.com/rust-lang/crates.io-index"
checksum = "fe0f37c9e8f3c5a4a66ad655a93c74daac4ad00c441533bf5c6e7990bb42604e"

[[package]]
name = "strum"
version = "0.20.0"
source = "registry+https://github.com/rust-lang/crates.io-index"
checksum = "7318c509b5ba57f18533982607f24070a55d353e90d4cae30c467cdb2ad5ac5c"

[[package]]
name = "strum_macros"
version = "0.20.1"
source = "registry+https://github.com/rust-lang/crates.io-index"
checksum = "ee8bc6b87a5112aeeab1f4a9f7ab634fe6cbefc4850006df31267f4cfb9e3149"
dependencies = [
 "heck",
 "proc-macro2",
 "quote",
 "syn",
]

[[package]]
name = "syn"
version = "1.0.68"
source = "registry+https://github.com/rust-lang/crates.io-index"
checksum = "3ce15dd3ed8aa2f8eeac4716d6ef5ab58b6b9256db41d7e1a0224c2788e8fd87"
dependencies = [
 "proc-macro2",
 "quote",
 "unicode-xid",
]

[[package]]
name = "synstructure"
version = "0.12.4"
source = "registry+https://github.com/rust-lang/crates.io-index"
checksum = "b834f2d66f734cb897113e34aaff2f1ab4719ca946f9a7358dba8f8064148701"
dependencies = [
 "proc-macro2",
 "quote",
 "syn",
 "unicode-xid",
]

[[package]]
name = "terminal_size"
version = "0.1.16"
source = "registry+https://github.com/rust-lang/crates.io-index"
checksum = "86ca8ced750734db02076f44132d802af0b33b09942331f4459dde8636fd2406"
dependencies = [
 "libc",
 "winapi",
]

[[package]]
name = "termios"
version = "0.3.3"
source = "registry+https://github.com/rust-lang/crates.io-index"
checksum = "411c5bf740737c7918b8b1fe232dca4dc9f8e754b8ad5e20966814001ed0ac6b"
dependencies = [
 "libc",
]

[[package]]
name = "thread_local"
version = "1.1.3"
source = "registry+https://github.com/rust-lang/crates.io-index"
checksum = "8018d24e04c95ac8790716a5987d0fec4f8b27249ffa0f7d33f1369bdfb88cbd"
dependencies = [
 "once_cell",
]

[[package]]
name = "time"
version = "0.1.43"
source = "registry+https://github.com/rust-lang/crates.io-index"
checksum = "ca8a50ef2360fbd1eeb0ecd46795a87a19024eb4b53c5dc916ca1fd95fe62438"
dependencies = [
 "libc",
 "winapi",
]

[[package]]
name = "unicode-segmentation"
version = "1.7.1"
source = "registry+https://github.com/rust-lang/crates.io-index"
checksum = "bb0d2e7be6ae3a5fa87eed5fb451aff96f2573d2694942e40543ae0bbe19c796"

[[package]]
name = "unicode-xid"
version = "0.2.1"
source = "registry+https://github.com/rust-lang/crates.io-index"
checksum = "f7fe0bb3479651439c9112f72b6c505038574c9fbb575ed1bf3b797fa39dd564"

[[package]]
name = "unindent"
version = "0.1.7"
source = "registry+https://github.com/rust-lang/crates.io-index"
checksum = "f14ee04d9415b52b3aeab06258a3f07093182b88ba0f9b8d203f211a7a7d41c7"

[[package]]
name = "uuid"
version = "0.8.2"
source = "registry+https://github.com/rust-lang/crates.io-index"
checksum = "bc5cf98d8186244414c848017f0e2676b3fcb46807f6668a97dfe67359a3c4b7"
dependencies = [
 "getrandom",
 "serde",
]

[[package]]
name = "version_check"
version = "0.9.3"
source = "registry+https://github.com/rust-lang/crates.io-index"
checksum = "5fecdca9a5291cc2b8dcf7dc02453fee791a280f3743cb0905f8822ae463b3fe"

[[package]]
name = "walkdir"
version = "2.3.2"
source = "registry+https://github.com/rust-lang/crates.io-index"
checksum = "808cf2735cd4b6866113f648b791c6adc5714537bc222d9347bb203386ffda56"
dependencies = [
 "same-file",
 "winapi",
 "winapi-util",
]

[[package]]
name = "wasi"
version = "0.10.2+wasi-snapshot-preview1"
source = "registry+https://github.com/rust-lang/crates.io-index"
checksum = "fd6fbd9a79829dd1ad0cc20627bf1ed606756a7f77edff7b66b7064f9cb327c6"

[[package]]
name = "winapi"
version = "0.3.9"
source = "registry+https://github.com/rust-lang/crates.io-index"
checksum = "5c839a674fcd7a98952e593242ea400abe93992746761e38641405d28b00f419"
dependencies = [
 "winapi-i686-pc-windows-gnu",
 "winapi-x86_64-pc-windows-gnu",
]

[[package]]
name = "winapi-i686-pc-windows-gnu"
version = "0.4.0"
source = "registry+https://github.com/rust-lang/crates.io-index"
checksum = "ac3b87c63620426dd9b991e5ce0329eff545bccbbb34f3be09ff6fb6ab51b7b6"

[[package]]
name = "winapi-util"
version = "0.1.5"
source = "registry+https://github.com/rust-lang/crates.io-index"
checksum = "70ec6ce85bb158151cae5e5c87f95a8e97d2c0c4b001223f33a334e3ce5de178"
dependencies = [
 "winapi",
]

[[package]]
name = "winapi-x86_64-pc-windows-gnu"
version = "0.4.0"
source = "registry+https://github.com/rust-lang/crates.io-index"
checksum = "712e227841d057c1ee1cd2fb22fa7e5a5461ae8e48fa2ca79ec42cfc1931183f"

[[package]]
name = "yaml-rust"
version = "0.4.5"
source = "registry+https://github.com/rust-lang/crates.io-index"
checksum = "56c1936c4cc7a1c9ab21a1ebb602eb942ba868cbd44a99cb7cdc5892335e1c85"
dependencies = [
 "linked-hash-map",
]
